
Microsoft Visual Studio Solution File, Format Version 12.00
# Visual Studio 15
VisualStudioVersion = 15.0.26014.0
MinimumVisualStudioVersion = 10.0.40219.1
Project("{FAE04EC0-301F-11D3-BF4B-00C04F79EFBC}") = "XViewerV3", "XViewerV3\XViewerV3.csproj", "{7DBAA2E1-2E0F-4263-B829-32638991635A}"
EndProject
Project("{FAE04EC0-301F-11D3-BF4B-00C04F79EFBC}") = "NetworkLibrary", "NetworkLibrary\NetworkLibrary.csproj", "{90A8B2AC-870F-45F6-A099-39E97A6FD259}"
EndProject
Global
	GlobalSection(SolutionConfigurationPlatforms) = preSolution
		Debug|Any CPU = Debug|Any CPU
		Release|Any CPU = Release|Any CPU
	EndGlobalSection
	GlobalSection(ProjectConfigurationPlatforms) = postSolution
		{7DBAA2E1-2E0F-4263-B829-32638991635A}.Debug|Any CPU.ActiveCfg = Debug|Any CPU
		{7DBAA2E1-2E0F-4263-B829-32638991635A}.Debug|Any CPU.Build.0 = Debug|Any CPU
		{7DBAA2E1-2E0F-4263-B829-32638991635A}.Release|Any CPU.ActiveCfg = Release|Any CPU
		{7DBAA2E1-2E0F-4263-B829-32638991635A}.Release|Any CPU.Build.0 = Release|Any CPU
		{90A8B2AC-870F-45F6-A099-39E97A6FD259}.Debug|Any CPU.ActiveCfg = Debug|Any CPU
		{90A8B2AC-870F-45F6-A099-39E97A6FD259}.Debug|Any CPU.Build.0 = Debug|Any CPU
		{90A8B2AC-870F-45F6-A099-39E97A6FD259}.Release|Any CPU.ActiveCfg = Release|Any CPU
		{90A8B2AC-870F-45F6-A099-39E97A6FD259}.Release|Any CPU.Build.0 = Release|Any CPU
	EndGlobalSection
	GlobalSection(SolutionProperties) = preSolution
		HideSolutionNode = FALSE
	EndGlobalSection
EndGlobal
